github.com/DataDog/zstd v1.3.5 h1:DtpNbljikUepEPD16hD4LvIcmhnhdLTiW/5pHgbmp14=
github.com/DataDog/zstd v1.3.5/go.mod h1:1jcaCB/ufaK+sKp1NBhlGmpz41jOoPQ35bpF36t7BBo=
github.com/Shopify/sarama v1.20.1 h1:Bb0h3I++r4eX333Y0uZV2vwUXepJbt6ig05TUU1qt9I=
github.com/Shopify/sarama v1.20.1/go.mod h1:FVkBWblsNy7DGZRfXLU0O9RCGt5g3g3yEuWXgklEdEo=
github.com/bsm/sarama-cluster v2.1.15+incompatible h1:RkV6WiNRnqEEbp81druK8zYhmnIgdOjqSVi0+9Cnl2A=
github.com/bsm/sarama-cluster v2.1.15+incompatible/go.mod h1:r7ao+4tTNXvWm+VRpRJchr2kQhqxgmAp2iEX5W96gMM=
github.com/davecgh/go-spew v1.1.1 h1:vj9j/u1bqnvCEfJOwUhtlOARqs3+rkHYY13jYWTU97c=
github.com/davecgh/go-spew v1.1.1/go.mod h1:J7Y8YcW2NihsgmVo/mv3lAwl/skON4iLHjSsI+c5H38=
github.com/eapache/go-resiliency v1.1.0 h1:1NtRmCAqadE2FN4ZcN6g90TP3uk8cg9rn9eNK2197aU=
github.com/eapache/go-resiliency v1.1.0/go.mod h1:kFI+JgMyC7bLPUVY133qvEBtVayf5mFgVsvEsIPBvNs=
github.com/eapache/go-xerial-snappy v0.0.0-20180814174437-776d5712da21 h1:YEetp8/yCZMuEPMUDHG0CW/brkkEp8mzqk2+ODEitlw=
github.com/eapache/go-xerial-snappy v0.0.0-20180814174437-776d5712da21/go.mod h1:+020luEh2TKB4/GOp8oxxtq0Daoen/Cii55CzbTV6DU=
github.com/eapache/queue v1.1.0 h1:YOEu7KNc61ntiQlcEeUIoDTJ2o8mQznoNvUhiigpIqc=
github.com/eapache/queue v1.1.0/go.mod h1:6eCeP0CKFpHLu8blIFXhExK/dRa7WDZfr6jVFPTqq+I=
github.com/go-sql-driver/mysql v1.4.1 h1:g24URVg0OFbNUTx9qqY1IRZ9D9z3iPyi5zKhQZpNwpA=
github.com/go-sql-driver/mysql v1.4.1/go.mod h1:zAC/RDZ24gD3HViQzih4MyKcchzm+sOG5ZlKdlhCg5w=
github.com/golang/lint v0.0.0-20181217174547-8f45f776aaf1 h1:6DVPu65tee05kY0/rciBQ47ue+AnuY8KTayV6VHikIo=
github.com/golang/lint v0.0.0-20181217174547-8f45f776aaf1/go.mod h1:tluoj9z5200jBnyusfRPU2LqT6J+DAorxEvtC7LHB+E=
github.com/golang/snappy v0.0.0-20190218232222-2a8bb927dd31 h1:L7s4Kab5p6uNwbGGZl4w9VkSTmzHSLkP8w/xCbYEWOo=
github.com/golang/snappy v0.0.0-20190218232222-2a8bb927dd31/go.mod h1:/XxbfmMg8lxefKM7IXC3fBNl/7bRcc72aCRzEWrmP2Q=
github.com/golang/snappy v0.0.1 h1:Qgr9rKW7uDUkrbSmQeiDsGa8SjGyCOGtuasMWwvp2P4=
github.com/golang/snappy v0.0.1/go.mod h1:/XxbfmMg8lxefKM7IXC3fBNl/7bRcc72aCRzEWrmP2Q=
github.com/lukehoban/go-outline v0.0.0-20161011150102-e78556874252 h1:D2VNityLQ1srKF+MSllSGQ4NwMci20llMkvVAmU2aCk=
github.com/lukehoban/go-outline v0.0.0-20161011150102-e78556874252/go.mod h1:O9bIJ6BRFBmP3AKTW8cqESVbauSmifSrRB/n9zq6x9Q=
github.com/newhook/go-symbols v0.0.0-20151212134530-b75dfefa0d23 h1:bXKgb2O/gIrZd/smUeP3OJcAt1ey3UV+cPYT+mRUNzs=
github.com/newhook/go-symbols v0.0.0-20151212134530-b75dfefa0d23/go.mod h1:9RIESfVnNNAkdTKNuEYS0rEkXXM2HYfchPD4xXNx1CU=
github.com/pierrec/lz4 v2.0.5+incompatible h1:2xWsjqPFWcplujydGg4WmhC/6fZqK42wMM8aXeqhl0I=
github.com/pierrec/lz4 v2.0.5+incompatible/go.mod h1:pdkljMzZIN41W+lC3N2tnIh5sFi+IEE17M5jbnwPHcY=
github.com/rcrowley/go-metrics v0.0.0-20181016184325-3113b8401b8a h1:9ZKAASQSHhDYGoxY8uLVpewe1GDZ2vu2Tr/vTdVAkFQ=
github.com/rcrowley/go-metrics v0.0.0-20181016184325-3113b8401b8a/go.mod h1:bCqnVzQkZxMG4s8nGwiZ5l3QUCyqpo9Y+/ZMZ9VjZe4=
github.com/sqs/goreturns v0.0.0-20181028201513-538ac6014518 h1:iD+PFTQwKEmbwSdwfvP5ld2WEI/g7qbdhmHJ2ASfYGs=
github.com/sqs/goreturns v0.0.0-20181028201513-538ac6014518/go.mod h1:CKI4AZ4XmGV240rTHfO0hfE83S6/a3/Q1siZJ/vXf7A=
gopkg.in/check.v1 v0.0.0-20161208181325-20d25e280405 h1:yhCVgyC4o1eVCa2tZl7eS0r+SDo693bJlVdllGtEeKM=
gopkg.in/check.v1 v0.0.0-20161208181325-20d25e280405/go.mod h1:Co6ibVJAznAaIkqp8huTwlJQCZ016jof/cbN4VW5Yz0=
gopkg.in/yaml.v2 v2.2.2 h1:ZCJp+EgiOT7lHqUV2J862kp8Qj64Jo6az82+3Td9dZw=
gopkg.in/yaml.v2 v2.2.2/go.mod h1:hI93XBmqTisBFMUTm0b8Fm+jr3Dg1NNxqwp+5A1VGuI=
sourcegraph.com/sqs/goreturns v0.0.0-20181028201513-538ac6014518 h1:hK6WwmQDFDRBBDeN/+3lcp1NoDn0ptGiJhxIpvzpqCw=
sourcegraph.com/sqs/goreturns v0.0.0-20181028201513-538ac6014518/go.mod h1:Hm3i1Xmrc6guw1/fGxmO0PIGpbmXAQsJ8LhIQncGYwo=
